
Microsoft Visual Studio Solution File, Format Version 12.00
# Visual Studio Version 16
VisualStudioVersion = 16.0.31005.135
MinimumVisualStudioVersion = 10.0.40219.1
Project("{FAE04EC0-301F-11D3-BF4B-00C04F79EFBC}") = "GamemodeChange", "GamemodeChange.csproj", "{CC783526-747A-4253-87C0-A3057D548D1A}"
EndProject
Global
	GlobalSection(SolutionConfigurationPlatforms) = preSolution
		Debug|Any CPU = Debug|Any CPU
		Release|Any CPU = Release|Any CPU
	EndGlobalSection
	GlobalSection(ProjectConfigurationPlatforms) = postSolution
		{CC783526-747A-4253-87C0-A3057D548D1A}.Debug|Any CPU.ActiveCfg = Debug|Any CPU
		{CC783526-747A-4253-87C0-A3057D548D1A}.Debug|Any CPU.Build.0 = Debug|Any CPU
		{CC783526-747A-4253-87C0-A3057D548D1A}.Release|Any CPU.ActiveCfg = Release|Any CPU
		{CC783526-747A-4253-87C0-A3057D548D1A}.Release|Any CPU.Build.0 = Release|Any CPU
	EndGlobalSection
	GlobalSection(SolutionProperties) = preSolution
		HideSolutionNode = FALSE
	EndGlobalSection
	GlobalSection(ExtensibilityGlobals) = postSolution
		SolutionGuid = {4196C6F7-DEC2-43A9-9AA7-255D256C69F9}
	EndGlobalSection
EndGlobal
